
Microsoft Visual Studio Solution File, Format Version 12.00
# Visual Studio Version 17
VisualStudioVersion = 17.9.34310.174
MinimumVisualStudioVersion = 10.0.40219.1
Project("{9A19103F-16F7-4668-BE54-9A1E7A4F7556}") = "AuthenticationService.Server", "AuthenticationService.Server\AuthenticationService.Server.csproj", "{55B2DE77-1025-4C33-AD9A-ACAE9CAF8C23}"
EndProject
Project("{FAE04EC0-301F-11D3-BF4B-00C04F79EFBC}") = "AuthenticationService.Client", "AuthenticationService.Client\AuthenticationService.Client.csproj", "{E1946677-0B10-4ACA-9C74-5AF068235C87}"
EndProject
Global
	GlobalSection(SolutionConfigurationPlatforms) = preSolution
		Debug|Any CPU = Debug|Any CPU
		Release|Any CPU = Release|Any CPU
	EndGlobalSection
	GlobalSection(ProjectConfigurationPlatforms) = postSolution
		{55B2DE77-1025-4C33-AD9A-ACAE9CAF8C23}.Debug|Any CPU.ActiveCfg = Debug|Any CPU
		{55B2DE77-1025-4C33-AD9A-ACAE9CAF8C23}.Debug|Any CPU.Build.0 = Debug|Any CPU
		{55B2DE77-1025-4C33-AD9A-ACAE9CAF8C23}.Release|Any CPU.ActiveCfg = Release|Any CPU
		{55B2DE77-1025-4C33-AD9A-ACAE9CAF8C23}.Release|Any CPU.Build.0 = Release|Any CPU
		{E1946677-0B10-4ACA-9C74-5AF068235C87}.Debug|Any CPU.ActiveCfg = Debug|Any CPU
		{E1946677-0B10-4ACA-9C74-5AF068235C87}.Debug|Any CPU.Build.0 = Debug|Any CPU
		{E1946677-0B10-4ACA-9C74-5AF068235C87}.Release|Any CPU.ActiveCfg = Release|Any CPU
		{E1946677-0B10-4ACA-9C74-5AF068235C87}.Release|Any CPU.Build.0 = Release|Any CPU
	EndGlobalSection
	GlobalSection(SolutionProperties) = preSolution
		HideSolutionNode = FALSE
	EndGlobalSection
	GlobalSection(ExtensibilityGlobals) = postSolution
		SolutionGuid = {6B6C7040-7BEF-4628-BB0E-09B3D587F930}
	EndGlobalSection
EndGlobal
